// !$*UTF8*$!
{
	archiveVersion = 1;
	classes = {
	};
	objectVersion = 46;
	objects = {

/* Begin PBXBuildFile section */
		ED6CB9EB1CCDA9240003D89A /* main.m in Sources */ = {isa = PBXBuildFile; fileRef = ED6CB9EA1CCDA9240003D89A /* main.m */; };
		ED6CB9EE1CCDA9240003D89A /* AppDelegate.m in Sources */ = {isa = PBXBuildFile; fileRef = ED6CB9ED1CCDA9240003D89A /* AppDelegate.m */; };
		ED6CB9F11CCDA9240003D89A /* ViewController.m in Sources */ = {isa = PBXBuildFile; fileRef = ED6CB9F01CCDA9240003D89A /* ViewController.m */; };
		ED6CB9F41CCDA9240003D89A /* Main.storyboard in Resources */ = {isa = PBXBuildFile; fileRef = ED6CB9F21CCDA9240003D89A /* Main.storyboard */; };
		ED6CB9F61CCDA9240003D89A /* Assets.xcassets in Resources */ = {isa = PBXBuildFile; fileRef = ED6CB9F51CCDA9240003D89A /* Assets.xcassets */; };
		ED6CB9F91CCDA9240003D89A /* LaunchScreen.storyboard in Resources */ = {isa = PBXBuildFile; fileRef = ED6CB9F71CCDA9240003D89A /* LaunchScreen.storyboard */; };
/* End PBXBuildFile section */

/* Begin PBXFileReference section */
		ED6CB9E61CCDA9240003D89A /* Delegation-ObjC.app */ = {isa = PBXFileReference; explicitFileType = wrapper.application; includeInIndex = 0; path = "Delegation-ObjC.app"; sourceTree = BUILT_PRODUCTS_DIR; };
		ED6CB9EA1CCDA9240003D89A /* main.m */ = {isa = PBXFileReference; lastKnownFileType = sourcecode.c.objc; path = main.m; sourceTree = "<group>"; };
		ED6CB9EC1CCDA9240003D89A /* AppDelegate.h */ = {isa = PBXFileReference; lastKnownFileType = sourcecode.c.h; path = AppDelegate.h; sourceTree = "<group>"; };
		ED6CB9ED1CCDA9240003D89A /* AppDelegate.m */ = {isa = PBXFileReference; lastKnownFileType = sourcecode.c.objc; path = AppDelegate.m; sourceTree = "<group>"; };
		ED6CB9EF1CCDA9240003D89A /* ViewController.h */ = {isa = PBXFileReference; lastKnownFileType = sourcecode.c.h; path = ViewController.h; sourceTree = "<group>"; };
		ED6CB9F01CCDA9240003D89A /* ViewController.m */ = {isa = PBXFileReference; lastKnownFileType = sourcecode.c.objc; path = ViewController.m; sourceTree = "<group>"; };
		ED6CB9F31CCDA9240003D89A /* Base */ = {isa = PBXFileReference; lastKnownFileType = file.storyboard; name = Base; path = Base.lproj/Main.storyboard; sourceTree = "<group>"; };
		ED6CB9F51CCDA9240003D89A /* Assets.xcassets */ = {isa = PBXFileReference; lastKnownFileType = folder.assetcatalog; path = Assets.xcassets; sourceTree = "<group>"; };
		ED6CB9F81CCDA9240003D89A /* Base */ = {isa = PBXFileReference; lastKnownFileType = file.storyboard; name = Base; path = Base.lproj/LaunchScreen.storyboard; sourceTree = "<group>"; };
		ED6CB9FA1CCDA9240003D89A /* Info.plist */ = {isa = PBXFileReference; lastKnownFileType = text.plist.xml; path = Info.plist; sourceTree = "<group>"; };
/* End PBXFileReference section */

/* Begin PBXFrameworksBuildPhase section */
		ED6CB9E31CCDA9240003D89A /* Frameworks */ = {
			isa = PBXFrameworksBuildPhase;
			buildActionMask = 2147483647;
			files = (
			);
			runOnlyForDeploymentPostprocessing = 0;
		};
/* End PBXFrameworksBuildPhase section */

/* Begin PBXGroup section */
		ED6CB9DD1CCDA9240003D89A = {
			isa = PBXGroup;
			children = (
				ED6CB9E81CCDA9240003D89A /* Delegation-ObjC */,
				ED6CB9E71CCDA9240003D89A /* Products */,
			);
			sourceTree = "<group>";
		};
		ED6CB9E71CCDA9240003D89A /* Products */ = {
			isa = PBXGroup;
			children = (
				ED6CB9E61CCDA9240003D89A /* Delegation-ObjC.app */,
			);
			name = Products;
			sourceTree = "<group>";
		};
		ED6CB9E81CCDA9240003D89A /* Delegation-ObjC */ = {
			isa = PBXGroup;
			children = (
				ED6CB9EC1CCDA9240003D89A /* AppDelegate.h */,
				ED6CB9ED1CCDA9240003D89A /* AppDelegate.m */,
				ED6CB9EF1CCDA9240003D89A /* ViewController.h */,
				ED6CB9F01CCDA9240003D89A /* ViewController.m */,
				ED6CB9F21CCDA9240003D89A /* Main.storyboard */,
				ED6CB9F51CCDA9240003D89A /* Assets.xcassets */,
				ED6CB9F71CCDA9240003D89A /* LaunchScreen.storyboard */,
				ED6CB9FA1CCDA9240003D89A /* Info.plist */,
				ED6CB9E91CCDA9240003D89A /* Supporting Files */,
			);
			path = "Delegation-ObjC";
			sourceTree = "<group>";
		};
		ED6CB9E91CCDA9240003D89A /* Supporting Files */ = {
			isa = PBXGroup;
			children = (
				ED6CB9EA1CCDA9240003D89A /* main.m */,
			);
			name = "Supporting Files";
			sourceTree = "<group>";
		};
/* End PBXGroup section */

/* Begin PBXNativeTarget section */
		ED6CB9E51CCDA9240003D89A /* Delegation-ObjC */ = {
			isa = PBXNativeTarget;
			buildConfigurationList = ED6CB9FD1CCDA9240003D89A /* Build configuration list for PBXNativeTarget "Delegation-ObjC" */;
			buildPhases = (
				ED6CB9E21CCDA9240003D89A /* Sources */,
				ED6CB9E31CCDA9240003D89A /* Frameworks */,
				ED6CB9E41CCDA9240003D89A /* Resources */,
			);
			buildRules = (
			);
			dependencies = (
			);
			name = "Delegation-ObjC";
			productName = "Delegation-ObjC";
			productReference = ED6CB9E61CCDA9240003D89A /* Delegation-ObjC.app */;
			productType = "com.apple.product-type.application";
		};
/* End PBXNativeTarget section */

/* Begin PBXProject section */
		ED6CB9DE1CCDA9240003D89A /* Project object */ = {
			isa = PBXProject;
			attributes = {
				LastUpgradeCheck = 0730;
				ORGANIZATIONNAME = "Alistair Cooper";
				TargetAttributes = {
					ED6CB9E51CCDA9240003D89A = {
						CreatedOnToolsVersion = 7.3;
					};
				};
			};
			buildConfigurationList = ED6CB9E11CCDA9240003D89A /* Build configuration list for PBXProject "Delegation-ObjC" */;
			compatibilityVersion = "Xcode 3.2";
			developmentRegion = English;
			hasScannedForEncodings = 0;
			knownRegions = (
				en,
				Base,
			);
			mainGroup = ED6CB9DD1CCDA9240003D89A;
			productRefGroup = ED6CB9E71CCDA9240003D89A /* Products */;
			projectDirPath = "";
			projectRoot = "";
			targets = (
				ED6CB9E51CCDA9240003D89A /* Delegation-ObjC */,
			);
		};
/* End PBXProject section */

/* Begin PBXResourcesBuildPhase section */
		ED6CB9E41CCDA9240003D89A /* Resources */ = {
			isa = PBXResourcesBuildPhase;
			buildActionMask = 2147483647;
			files = (
				ED6CB9F91CCDA9240003D89A /* LaunchScreen.storyboard in Resources */,
				ED6CB9F61CCDA9240003D89A /* Assets.xcassets in Resources */,
				ED6CB9F41CCDA9240003D89A /* Main.storyboard in Resources */,
			);
			runOnlyForDeploymentPostprocessing = 0;
		};
/* End PBXResourcesBuildPhase section */

/* Begin PBXSourcesBuildPhase section */
		ED6CB9E21CCDA9240003D89A /* Sources */ = {
			isa = PBXSourcesBuildPhase;
			buildActionMask = 2147483647;
			files = (
				ED6CB9F11CCDA9240003D89A /* ViewController.m in Sources */,
				ED6CB9EE1CCDA9240003D89A /* AppDelegate.m in Sources */,
				ED6CB9EB1CCDA9240003D89A /* main.m in Sources */,
			);
			runOnlyForDeploymentPostprocessing = 0;
		};
/* End PBXSourcesBuildPhase section */

/* Begin PBXVariantGroup section */
		ED6CB9F21CCDA9240003D89A /* Main.storyboard */ = {
			isa = PBXVariantGroup;
			children = (
				ED6CB9F31CCDA9240003D89A /* Base */,
			);
			name = Main.storyboard;
			sourceTree = "<group>";
		};
		ED6CB9F71CCDA9240003D89A /* LaunchScreen.storyboard */ = {
			isa = PBXVariantGroup;
			children = (
				ED6CB9F81CCDA9240003D89A /* Base */,
			);
			name = LaunchScreen.storyboard;
			sourceTree = "<group>";
		};
/* End PBXVariantGroup section */

/* Begin XCBuildConfiguration section */
		ED6CB9FB1CCDA9240003D89A /* Debug */ = {
			isa = XCBuildConfiguration;
			buildSettings = {
				ALWAYS_SEARCH_USER_PATHS = NO;
				CLANG_ANALYZER_NONNULL = YES;
				CLANG_CXX_LANGUAGE_STANDARD = "gnu++0x";
				CLANG_CXX_LIBRARY = "libc++";
				CLANG_ENABLE_MODULES = YES;
				CLANG_ENABLE_OBJC_ARC = YES;
				CLANG_WARN_BOOL_CONVERSION = YES;
				CLANG_WARN_CONSTANT_CONVERSION = YES;
				CLANG_WARN_DIRECT_OBJC_ISA_USAGE = YES_ERROR;
				CLANG_WARN_EMPTY_BODY = YES;
				CLANG_WARN_ENUM_CONVERSION = YES;
				CLANG_WARN_INT_CONVERSION = YES;
				CLANG_WARN_OBJC_ROOT_CLASS = YES_ERROR;
				CLANG_WARN_UNREACHABLE_CODE = YES;
				CLANG_WARN__DUPLICATE_METHOD_MATCH = YES;
				"CODE_SIGN_IDENTITY[sdk=iphoneos*]" = "iPhone Developer";
				COPY_PHASE_STRIP = NO;
				DEBUG_INFORMATION_FORMAT = dwarf;
				ENABLE_STRICT_OBJC_MSGSEND = YES;
				ENABLE_TESTABILITY = YES;
				GCC_C_LANGUAGE_STANDARD = gnu99;
				GCC_DYNAMIC_NO_PIC = NO;
				GCC_NO_COMMON_BLOCKS = YES;
				GCC_OPTIMIZATION_LEVEL = 0;
				GCC_PREPROCESSOR_DEFINITIONS = (
					"DEBUG=1",
					"$(inherited)",
				);
				GCC_WARN_64_TO_32_BIT_CONVERSION = YES;
				GCC_WARN_ABOUT_RETURN_TYPE = YES_ERROR;
				GCC_WARN_UNDECLARED_SELECTOR = YES;
				GCC_WARN_UNINITIALIZED_AUTOS = YES_AGGRESSIVE;
				GCC_WARN_UNUSED_FUNCTION = YES;
				GCC_WARN_UNUSED_VARIABLE = YES;
				IPHONEOS_DEPLOYMENT_TARGET = 9.3;
				MTL_ENABLE_DEBUG_INFO = YES;
				ONLY_ACTIVE_ARCH = YES;
				SDKROOT = iphoneos;
				TARGETED_DEVICE_FAMILY = "1,2";
			};
			name = Debug;
		};
		ED6CB9FC1CCDA9240003D89A /* Release */ = {
			isa = XCBuildConfiguration;
			buildSettings = {
				ALWAYS_SEARCH_USER_PATHS = NO;
				CLANG_ANALYZER_NONNULL = YES;
				CLANG_CXX_LANGUAGE_STANDARD = "gnu++0x";
				CLANG_CXX_LIBRARY = "libc++";
				CLANG_ENABLE_MODULES = YES;
				CLANG_ENABLE_OBJC_ARC = YES;
				CLANG_WARN_BOOL_CONVERSION = YES;
				CLANG_WARN_CONSTANT_CONVERSION = YES;
				CLANG_WARN_DIRECT_OBJC_ISA_USAGE = YES_ERROR;
				CLANG_WARN_EMPTY_BODY = YES;
				CLANG_WARN_ENUM_CONVERSION = YES;
				CLANG_WARN_INT_CONVERSION = YES;
				CLANG_WARN_OBJC_ROOT_CLASS = YES_ERROR;
				CLANG_WARN_UNREACHABLE_CODE = YES;
				CLANG_WARN__DUPLICATE_METHOD_MATCH = YES;
				"CODE_SIGN_IDENTITY[sdk=iphoneos*]" = "iPhone Developer";
				COPY_PHASE_STRIP = NO;
				DEBUG_INFORMATION_FORMAT = "dwarf-with-dsym";
				ENABLE_NS_ASSERTIONS = NO;
				ENABLE_STRICT_OBJC_MSGSEND = YES;
				GCC_C_LANGUAGE_STANDARD = gnu99;
				GCC_NO_COMMON_BLOCKS = YES;
				GCC_WARN_64_TO_32_BIT_CONVERSION = YES;
				GCC_WARN_ABOUT_RETURN_TYPE = YES_ERROR;
				GCC_WARN_UNDECLARED_SELECTOR = YES;
				GCC_WARN_UNINITIALIZED_AUTOS = YES_AGGRESSIVE;
				GCC_WARN_UNUSED_FUNCTION = YES;
				GCC_WARN_UNUSED_VARIABLE = YES;
				IPHONEOS_DEPLOYMENT_TARGET = 9.3;
				MTL_ENABLE_DEBUG_INFO = NO;
				SDKROOT = iphoneos;
				TARGETED_DEVICE_FAMILY = "1,2";
				VALIDATE_PRODUCT = YES;
			};
			name = Release;
		};
		ED6CB9FE1CCDA9240003D89A /* Debug */ = {
			isa = XCBuildConfiguration;
			buildSettings = {
				ASSETCATALOG_COMPILER_APPICON_NAME = AppIcon;
				INFOPLIST_FILE = "Delegation-ObjC/Info.plist";
				LD_RUNPATH_SEARCH_PATHS = "$(inherited) @executable_path/Frameworks";
				PRODUCT_BUNDLE_IDENTIFIER = "com.alistaircooper.Delegation-ObjC";
				PRODUCT_NAME = "$(TARGET_NAME)";
			};
			name = Debug;
		};
		ED6CB9FF1CCDA9240003D89A /* Release */ = {
			isa = XCBuildConfiguration;
			buildSettings = {
				ASSETCATALOG_COMPILER_APPICON_NAME = AppIcon;
				INFOPLIST_FILE = "Delegation-ObjC/Info.plist";
				LD_RUNPATH_SEARCH_PATHS = "$(inherited) @executable_path/Frameworks";
				PRODUCT_BUNDLE_IDENTIFIER = "com.alistaircooper.Delegation-ObjC";
				PRODUCT_NAME = "$(TARGET_NAME)";
			};
			name = Release;
		};
/* End XCBuildConfiguration section */

/* Begin XCConfigurationList section */
		ED6CB9E11CCDA9240003D89A /* Build configuration list for PBXProject "Delegation-ObjC" */ = {
			isa = XCConfigurationList;
			buildConfigurations = (
				ED6CB9FB1CCDA9240003D89A /* Debug */,
				ED6CB9FC1CCDA9240003D89A /* Release */,
			);
			defaultConfigurationIsVisible = 0;
			defaultConfigurationName = Release;
		};
		ED6CB9FD1CCDA9240003D89A /* Build configuration list for PBXNativeTarget "Delegation-ObjC" */ = {
			isa = XCConfigurationList;
			buildConfigurations = (
				ED6CB9FE1CCDA9240003D89A /* Debug */,
				ED6CB9FF1CCDA9240003D89A /* Release */,
			);
			defaultConfigurationIsVisible = 0;
		};
/* End XCConfigurationList section */
	};
	rootObject = ED6CB9DE1CCDA9240003D89A /* Project object */;
}
